
Microsoft Visual Studio Solution File, Format Version 12.00
# Visual Studio Version 17
VisualStudioVersion = 17.1.32210.238
MinimumVisualStudioVersion = 10.0.40219.1
Project("{9A19103F-16F7-4668-BE54-9A1E7A4F7556}") = "UI", "PCCS_Thesis_Project\UI.csproj", "{BA320848-77B2-4330-B390-1D09EADCAFDE}"
EndProject
Project("{9A19103F-16F7-4668-BE54-9A1E7A4F7556}") = "BLL", "BLL\BLL.csproj", "{5DD1BD86-6BD7-43E4-B650-78E160CA861E}"
EndProject
Project("{9A19103F-16F7-4668-BE54-9A1E7A4F7556}") = "DAL", "DAL\DAL.csproj", "{ED30AC89-E25C-4C98-AE02-230A83037A92}"
EndProject
Project("{9A19103F-16F7-4668-BE54-9A1E7A4F7556}") = "DTO", "DTO\DTO.csproj", "{89D9585A-D110-4B10-B2BA-A1AB6D079EB9}"
EndProject
Project("{FAE04EC0-301F-11D3-BF4B-00C04F79EFBC}") = "Unit_Tests", "Unit_Tests\Unit_Tests.csproj", "{52B26AC7-3BE4-48CE-A928-64D198658269}"
EndProject
Global
	GlobalSection(SolutionConfigurationPlatforms) = preSolution
		Debug|Any CPU = Debug|Any CPU
		Release|Any CPU = Release|Any CPU
	EndGlobalSection
	GlobalSection(ProjectConfigurationPlatforms) = postSolution
		{BA320848-77B2-4330-B390-1D09EADCAFDE}.Debug|Any CPU.ActiveCfg = Debug|Any CPU
		{BA320848-77B2-4330-B390-1D09EADCAFDE}.Debug|Any CPU.Build.0 = Debug|Any CPU
		{BA320848-77B2-4330-B390-1D09EADCAFDE}.Release|Any CPU.ActiveCfg = Release|Any CPU
		{BA320848-77B2-4330-B390-1D09EADCAFDE}.Release|Any CPU.Build.0 = Release|Any CPU
		{5DD1BD86-6BD7-43E4-B650-78E160CA861E}.Debug|Any CPU.ActiveCfg = Debug|Any CPU
		{5DD1BD86-6BD7-43E4-B650-78E160CA861E}.Debug|Any CPU.Build.0 = Debug|Any CPU
		{5DD1BD86-6BD7-43E4-B650-78E160CA861E}.Release|Any CPU.ActiveCfg = Release|Any CPU
		{5DD1BD86-6BD7-43E4-B650-78E160CA861E}.Release|Any CPU.Build.0 = Release|Any CPU
		{ED30AC89-E25C-4C98-AE02-230A83037A92}.Debug|Any CPU.ActiveCfg = Debug|Any CPU
		{ED30AC89-E25C-4C98-AE02-230A83037A92}.Debug|Any CPU.Build.0 = Debug|Any CPU
		{ED30AC89-E25C-4C98-AE02-230A83037A92}.Release|Any CPU.ActiveCfg = Release|Any CPU
		{ED30AC89-E25C-4C98-AE02-230A83037A92}.Release|Any CPU.Build.0 = Release|Any CPU
		{89D9585A-D110-4B10-B2BA-A1AB6D079EB9}.Debug|Any CPU.ActiveCfg = Debug|Any CPU
		{89D9585A-D110-4B10-B2BA-A1AB6D079EB9}.Debug|Any CPU.Build.0 = Debug|Any CPU
		{89D9585A-D110-4B10-B2BA-A1AB6D079EB9}.Release|Any CPU.ActiveCfg = Release|Any CPU
		{89D9585A-D110-4B10-B2BA-A1AB6D079EB9}.Release|Any CPU.Build.0 = Release|Any CPU
		{52B26AC7-3BE4-48CE-A928-64D198658269}.Debug|Any CPU.ActiveCfg = Debug|Any CPU
		{52B26AC7-3BE4-48CE-A928-64D198658269}.Debug|Any CPU.Build.0 = Debug|Any CPU
		{52B26AC7-3BE4-48CE-A928-64D198658269}.Release|Any CPU.ActiveCfg = Release|Any CPU
		{52B26AC7-3BE4-48CE-A928-64D198658269}.Release|Any CPU.Build.0 = Release|Any CPU
	EndGlobalSection
	GlobalSection(SolutionProperties) = preSolution
		HideSolutionNode = FALSE
	EndGlobalSection
	GlobalSection(ExtensibilityGlobals) = postSolution
		SolutionGuid = {5B71B93C-4769-4B0E-B4D7-4637DDEBADBA}
	EndGlobalSection
EndGlobal
